
Microsoft Visual Studio Solution File, Format Version 12.00
# Visual Studio Version 16
VisualStudioVersion = 16.0.29123.88
MinimumVisualStudioVersion = 10.0.40219.1
Project("{FAE04EC0-301F-11D3-BF4B-00C04F79EFBC}") = "Correlation", "Correlation\Correlation.csproj", "{A56AEB87-05DC-4475-80EF-192BC158E29A}"
EndProject
Global
	GlobalSection(SolutionConfigurationPlatforms) = preSolution
		Debug|Any CPU = Debug|Any CPU
		Release|Any CPU = Release|Any CPU
	EndGlobalSection
	GlobalSection(ProjectConfigurationPlatforms) = postSolution
		{A56AEB87-05DC-4475-80EF-192BC158E29A}.Debug|Any CPU.ActiveCfg = Debug|Any CPU
		{A56AEB87-05DC-4475-80EF-192BC158E29A}.Debug|Any CPU.Build.0 = Debug|Any CPU
		{A56AEB87-05DC-4475-80EF-192BC158E29A}.Release|Any CPU.ActiveCfg = Release|Any CPU
		{A56AEB87-05DC-4475-80EF-192BC158E29A}.Release|Any CPU.Build.0 = Release|Any CPU
	EndGlobalSection
	GlobalSection(SolutionProperties) = preSolution
		HideSolutionNode = FALSE
	EndGlobalSection
	GlobalSection(ExtensibilityGlobals) = postSolution
		SolutionGuid = {C7AD9CE2-A7F9-4E15-BEB2-E8E2BA0DA82B}
	EndGlobalSection
EndGlobal
